{
  "nodes": {
    "agenix": {
      "inputs": {
        "darwin": "darwin",
        "home-manager": "home-manager",
        "nixpkgs": "nixpkgs",
        "systems": "systems"
      },
      "locked": {
        "lastModified": 1770165109,
        "narHash": "sha256-9VnK6Oqai65puVJ4WYtCTvlJeXxMzAp/69HhQuTdl/I=",
        "owner": "ryantm",
        "repo": "agenix",
        "rev": "b027ee29d959fda4b60b57566d64c98a202e0feb",
        "type": "github"
      },
      "original": {
        "owner": "ryantm",
        "repo": "agenix",
        "type": "github"
      }
    },
    "darwin": {
      "inputs": {
        "nixpkgs": [
          "agenix",
          "nixpkgs"
        ]
      },
      "locked": {
        "lastModified": 1744478979,
        "narHash": "sha256-dyN+teG9G82G+m+PX/aSAagkC+vUv0SgUw3XkPhQodQ=",
        "owner": "lnl7",
        "repo": "nix-darwin",
        "rev": "43975d782b418ebf4969e9ccba82466728c2851b",
        "type": "github"
      },
      "original": {
        "owner": "lnl7",
        "ref": "master",
        "repo": "nix-darwin",
        "type": "github"
      }
    },
    "flake-compat": {
      "flake": false,
      "locked": {
        "lastModified": 1777699697,
        "narHash": "sha256-Eg9b/rq/ECYwNwEXs5i9wHyhxNI0JrYx2srdI2uZMaQ=",
        "ref": "refs/heads/main",
        "rev": "382052b74656a369c5408822af3f2501e9b1af81",
        "revCount": 94,
        "type": "git",
        "url": "https://git.lix.systems/lix-project/flake-compat.git"
      },
      "original": {
        "type": "git",
        "url": "https://git.lix.systems/lix-project/flake-compat.git"
      }
    },
    "flake-utils": {
      "inputs": {
        "systems": "systems_2"
      },
      "locked": {
        "lastModified": 1731533236,
        "narHash": "sha256-l0KFg5HjrsfsO/JpG+r7fRrqm12kzFHyUHqHCVpMMbI=",
        "owner": "numtide",
        "repo": "flake-utils",
        "rev": "11707dc2f618dd54ca8739b309ec4fc024de578b",
        "type": "github"
      },
      "original": {
        "owner": "numtide",
        "repo": "flake-utils",
        "type": "github"
      }
    },
    "flake-utils_2": {
      "inputs": {
        "systems": "systems_3"
      },
      "locked": {
        "lastModified": 1731533236,
        "narHash": "sha256-l0KFg5HjrsfsO/JpG+r7fRrqm12kzFHyUHqHCVpMMbI=",
        "owner": "numtide",
        "repo": "flake-utils",
        "rev": "11707dc2f618dd54ca8739b309ec4fc024de578b",
        "type": "github"
      },
      "original": {
        "owner": "numtide",
        "repo": "flake-utils",
        "type": "github"
      }
    },
    "home-manager": {
      "inputs": {
        "nixpkgs": [
          "agenix",
          "nixpkgs"
        ]
      },
      "locked": {
        "lastModified": 1745494811,
        "narHash": "sha256-YZCh2o9Ua1n9uCvrvi5pRxtuVNml8X2a03qIFfRKpFs=",
        "owner": "nix-community",
        "repo": "home-manager",
        "rev": "abfad3d2958c9e6300a883bd443512c55dfeb1be",
        "type": "github"
      },
      "original": {
        "owner": "nix-community",
        "repo": "home-manager",
        "type": "github"
      }
    },
    "home-manager_2": {
      "inputs": {
        "nixpkgs": [
          "nixpkgs"
        ]
      },
      "locked": {
        "lastModified": 1780883961,
        "narHash": "sha256-WU6SUrESuPiEXEUvX4D51AgWrXRJty+sLJBwBaDBGqE=",
        "owner": "nix-community",
        "repo": "home-manager",
        "rev": "4eb4fec41674d5b059aa2eedf0f98453890546fa",
        "type": "github"
      },
      "original": {
        "owner": "nix-community",
        "ref": "release-26.05",
        "repo": "home-manager",
        "type": "github"
      }
    },
    "mnw": {
      "locked": {
        "lastModified": 1780772958,
        "narHash": "sha256-VKKe8r4pwCGWZ3Yr9CPN129R4S3CKLSrlYqdYz3vKpM=",
        "owner": "Gerg-L",
        "repo": "mnw",
        "rev": "0871dbf63a53610c95db04439ed8ea4d6ec9c160",
        "type": "github"
      },
      "original": {
        "owner": "Gerg-L",
        "repo": "mnw",
        "type": "github"
      }
    },
    "nix-darwin": {
      "inputs": {
        "nixpkgs": [
          "nixpkgs"
        ]
      },
      "locked": {
        "lastModified": 1783744694,
        "narHash": "sha256-2cp6N3rrwnGYLTx9l6N+NI+kwrCWxvJUbj5WJhvB29A=",
        "owner": "nix-darwin",
        "repo": "nix-darwin",
        "rev": "c3e90c89649b07d1a96e4b9dd6cd0d6e44b91a74",
        "type": "github"
      },
      "original": {
        "owner": "nix-darwin",
        "ref": "nix-darwin-26.05",
        "repo": "nix-darwin",
        "type": "github"
      }
    },
    "nixgl": {
      "inputs": {
        "flake-utils": "flake-utils_2",
        "nixpkgs": "nixpkgs_2"
      },
      "locked": {
        "lastModified": 1762090880,
        "narHash": "sha256-fbRQzIGPkjZa83MowjbD2ALaJf9y6KMDdJBQMKFeY/8=",
        "owner": "nix-community",
        "repo": "nixGL",
        "rev": "b6105297e6f0cd041670c3e8628394d4ee247ed5",
        "type": "github"
      },
      "original": {
        "owner": "nix-community",
        "repo": "nixGL",
        "type": "github"
      }
    },
    "nixpkgs": {
      "locked": {
        "lastModified": 1754028485,
        "narHash": "sha256-IiiXB3BDTi6UqzAZcf2S797hWEPCRZOwyNThJIYhUfk=",
        "owner": "NixOS",
        "repo": "nixpkgs",
        "rev": "59e69648d345d6e8fef86158c555730fa12af9de",
        "type": "github"
      },
      "original": {
        "owner": "NixOS",
        "ref": "nixos-25.05",
        "repo": "nixpkgs",
        "type": "github"
      }
    },
    "nixpkgs_2": {
      "locked": {
        "lastModified": 1746378225,
        "narHash": "sha256-OeRSuL8PUjIfL3Q0fTbNJD/fmv1R+K2JAOqWJd3Oceg=",
        "owner": "nixos",
        "repo": "nixpkgs",
        "rev": "93e8cdce7afc64297cfec447c311470788131cd9",
        "type": "github"
      },
      "original": {
        "owner": "nixos",
        "repo": "nixpkgs",
        "type": "github"
      }
    },
    "nixpkgs_3": {
      "locked": {
        "lastModified": 1787204541,
        "narHash": "sha256-OURZPknrTjQrlNyxPdqzyqmU/81Wes1CUP/Ft1Rv/YI=",
        "owner": "nixos",
        "repo": "nixpkgs",
        "rev": "5880666fd9eb563038431edb35c2d0aa595884e6",
        "type": "github"
      },
      "original": {
        "owner": "nixos",
        "ref": "nixos-26.05",
        "repo": "nixpkgs",
        "type": "github"
      }
    },
    "nixpkgs_4": {
      "locked": {
        "lastModified": 1784796856,
        "narHash": "sha256-vwxWgF+Gj276WznzGb1LxGsK/39HaQwgQXiU3EkC844=",
        "rev": "e2587caef70cea85dd97d7daab492899902dbf5d",
        "type": "tarball",
        "url": "https://releases.nixos.org/nixos/unstable/nixos-26.11pre1040357.e2587caef70c/nixexprs.tar.xz"
      },
      "original": {
        "type": "tarball",
        "url": "https://channels.nixos.org/nixos-unstable/nixexprs.tar.xz"
      }
    },
    "nixpkgs_5": {
      "locked": {
        "lastModified": 1768305791,
        "narHash": "sha256-AIdl6WAn9aymeaH/NvBj0H9qM+XuAuYbGMZaP0zcXAQ=",
        "owner": "NixOS",
        "repo": "nixpkgs",
        "rev": "1412caf7bf9e660f2f962917c14b1ea1c3bc695e",
        "type": "github"
      },
      "original": {
        "owner": "NixOS",
        "ref": "nixos-unstable",
        "repo": "nixpkgs",
        "type": "github"
      }
    },
    "nvf": {
      "inputs": {
        "flake-compat": "flake-compat",
        "mnw": "mnw",
        "nixpkgs": "nixpkgs_4"
      },
      "locked": {
        "lastModified": 1786433999,
        "narHash": "sha256-rbOp2g0UCYt+evTnCGCKBQGqSMfwX4RTXneNbeHqOAk=",
        "owner": "notashelf",
        "repo": "nvf",
        "rev": "a213644cadd5f90bf18b0c409f08f282b30e55e3",
        "type": "github"
      },
      "original": {
        "owner": "notashelf",
        "repo": "nvf",
        "type": "github"
      }
    },
    "root": {
      "inputs": {
        "agenix": "agenix",
        "flake-utils": "flake-utils",
        "home-manager": "home-manager_2",
        "nix-darwin": "nix-darwin",
        "nixgl": "nixgl",
        "nixpkgs": "nixpkgs_3",
        "nvf": "nvf",
        "workmux": "workmux"
      }
    },
    "systems": {
      "locked": {
        "lastModified": 1681028828,
        "narHash": "sha256-Vy1rq5AaRuLzOxct8nz4T6wlgyUR7zLU309k9mBC768=",
        "owner": "nix-systems",
        "repo": "default",
        "rev": "da67096a3b9bf56a91d16901293e51ba5b49a27e",
        "type": "github"
      },
      "original": {
        "owner": "nix-systems",
        "repo": "default",
        "type": "github"
      }
    },
    "systems_2": {
      "locked": {
        "lastModified": 1681028828,
        "narHash": "sha256-Vy1rq5AaRuLzOxct8nz4T6wlgyUR7zLU309k9mBC768=",
        "owner": "nix-systems",
        "repo": "default",
        "rev": "da67096a3b9bf56a91d16901293e51ba5b49a27e",
        "type": "github"
      },
      "original": {
        "owner": "nix-systems",
        "repo": "default",
        "type": "github"
      }
    },
    "systems_3": {
      "locked": {
        "lastModified": 1681028828,
        "narHash": "sha256-Vy1rq5AaRuLzOxct8nz4T6wlgyUR7zLU309k9mBC768=",
        "owner": "nix-systems",
        "repo": "default",
        "rev": "da67096a3b9bf56a91d16901293e51ba5b49a27e",
        "type": "github"
      },
      "original": {
        "owner": "nix-systems",
        "repo": "default",
        "type": "github"
      }
    },
    "workmux": {
      "inputs": {
        "nixpkgs": "nixpkgs_5"
      },
      "locked": {
        "lastModified": 1783457297,
        "narHash": "sha256-btRBUd3ztUInc1Hqd8hKbYeXacDlpNrMBIQbiIWDNl4=",
        "owner": "raine",
        "repo": "workmux",
        "rev": "ce52847a0782e0a5324c867fea745d47cbd91a0a",
        "type": "github"
      },
      "original": {
        "owner": "raine",
        "repo": "workmux",
        "type": "github"
      }
    }
  },
  "root": "root",
  "version": 7
}
